
Microsoft Visual Studio Solution File, Format Version 12.00
# Visual Studio Version 17
VisualStudioVersion = 17.2.32616.157
MinimumVisualStudioVersion = 10.0.40219.1
Project("{2150E333-8FDC-42A3-9474-1A3956D46DE8}") = "src", "src", "{26DE3BA1-9E4E-4DE2-9BA7-6D12031DD203}"
EndProject
Project("{9A19103F-16F7-4668-BE54-9A1E7A4F7556}") = "ConsoleApp.Iterator", "src\ConsoleApp.Iterator\ConsoleApp.Iterator.csproj", "{36FBE558-30F3-45C0-B394-2C2E49ECF812}"
EndProject
Project("{2150E333-8FDC-42A3-9474-1A3956D46DE8}") = "301-迭代器模式", "301-迭代器模式", "{2D4C275E-1E4A-46F5-83C7-33783356812D}"
EndProject
Project("{2150E333-8FDC-42A3-9474-1A3956D46DE8}") = "201-适配器模式", "201-适配器模式", "{1D17444F-DB74-4CEF-9177-FD8C1749A4A7}"
EndProject
Project("{9A19103F-16F7-4668-BE54-9A1E7A4F7556}") = "ConsoleApp.Adapter", "src\ConsoleApp.Adapter\ConsoleApp.Adapter.csproj", "{B7F8F426-431B-40C5-A98C-6832FECEBD7A}"
EndProject
Project("{2150E333-8FDC-42A3-9474-1A3956D46DE8}") = "302-模板方法", "302-模板方法", "{DD6D689F-BBFE-4D24-AF8A-EBCE5C0EFAF2}"
EndProject
Project("{9A19103F-16F7-4668-BE54-9A1E7A4F7556}") = "ConsoleApp.TemplateMethod", "src\ConsoleApp.TemplateMethod\ConsoleApp.TemplateMethod.csproj", "{39ED2859-5115-4CA3-B181-0C22A8D4C594}"
EndProject
Project("{2150E333-8FDC-42A3-9474-1A3956D46DE8}") = "101-工厂方法模式", "101-工厂方法模式", "{1FE877F9-B732-4AEF-A6C9-DE972E277039}"
EndProject
Project("{9A19103F-16F7-4668-BE54-9A1E7A4F7556}") = "ConsoleApp.FactoryMethod", "src\ConsoleApp.FactoryMethod\ConsoleApp.FactoryMethod.csproj", "{99069575-F732-46EE-8D7E-9AD507BE211F}"
EndProject
Project("{2150E333-8FDC-42A3-9474-1A3956D46DE8}") = "102-单例模式", "102-单例模式", "{3DB9BE17-86BF-41DF-A845-644B50A91582}"
EndProject
Project("{9A19103F-16F7-4668-BE54-9A1E7A4F7556}") = "ConsoleApp.Singleton", "src\ConsoleApp.Singleton\ConsoleApp.Singleton.csproj", "{5EDBE5CD-9A7D-4892-812F-9B77D60F4E63}"
EndProject
Project("{2150E333-8FDC-42A3-9474-1A3956D46DE8}") = "103-原型模式", "103-原型模式", "{3CADB21C-3D0D-43A8-ACEC-4A2B3997A2CB}"
EndProject
Project("{2150E333-8FDC-42A3-9474-1A3956D46DE8}") = "1-创建型", "1-创建型", "{FB4EEBDA-0344-434F-87F0-E1DCB2BE9EBA}"
EndProject
Project("{2150E333-8FDC-42A3-9474-1A3956D46DE8}") = "2-结构型", "2-结构型", "{3951AB3F-4529-46AA-A60F-DA4DE5FE119B}"
EndProject
Project("{2150E333-8FDC-42A3-9474-1A3956D46DE8}") = "3-行为型", "3-行为型", "{D3A589E7-013C-4A7A-934D-4E3A8E257D5A}"
EndProject
Project("{9A19103F-16F7-4668-BE54-9A1E7A4F7556}") = "ConsoleApp.Prototype", "src\ConsoleApp.Prototype\ConsoleApp.Prototype.csproj", "{98258222-7817-4700-B158-40DE1ADA8E36}"
EndProject
Project("{2150E333-8FDC-42A3-9474-1A3956D46DE8}") = "104-生成器模式", "104-生成器模式", "{727EC407-E3A7-4164-927B-93F6E6CD69E3}"
EndProject
Project("{FAE04EC0-301F-11D3-BF4B-00C04F79EFBC}") = "ConsoleApp.Builder", "src\ConsoleApp.Builder\ConsoleApp.Builder.csproj", "{122B98F4-B643-44DE-8E17-055683602804}"
EndProject
Global
	GlobalSection(SolutionConfigurationPlatforms) = preSolution
		Debug|Any CPU = Debug|Any CPU
		Release|Any CPU = Release|Any CPU
	EndGlobalSection
	GlobalSection(ProjectConfigurationPlatforms) = postSolution
		{36FBE558-30F3-45C0-B394-2C2E49ECF812}.Debug|Any CPU.ActiveCfg = Debug|Any CPU
		{36FBE558-30F3-45C0-B394-2C2E49ECF812}.Debug|Any CPU.Build.0 = Debug|Any CPU
		{36FBE558-30F3-45C0-B394-2C2E49ECF812}.Release|Any CPU.ActiveCfg = Release|Any CPU
		{36FBE558-30F3-45C0-B394-2C2E49ECF812}.Release|Any CPU.Build.0 = Release|Any CPU
		{B7F8F426-431B-40C5-A98C-6832FECEBD7A}.Debug|Any CPU.ActiveCfg = Debug|Any CPU
		{B7F8F426-431B-40C5-A98C-6832FECEBD7A}.Debug|Any CPU.Build.0 = Debug|Any CPU
		{B7F8F426-431B-40C5-A98C-6832FECEBD7A}.Release|Any CPU.ActiveCfg = Release|Any CPU
		{B7F8F426-431B-40C5-A98C-6832FECEBD7A}.Release|Any CPU.Build.0 = Release|Any CPU
		{39ED2859-5115-4CA3-B181-0C22A8D4C594}.Debug|Any CPU.ActiveCfg = Debug|Any CPU
		{39ED2859-5115-4CA3-B181-0C22A8D4C594}.Debug|Any CPU.Build.0 = Debug|Any CPU
		{39ED2859-5115-4CA3-B181-0C22A8D4C594}.Release|Any CPU.ActiveCfg = Release|Any CPU
		{39ED2859-5115-4CA3-B181-0C22A8D4C594}.Release|Any CPU.Build.0 = Release|Any CPU
		{99069575-F732-46EE-8D7E-9AD507BE211F}.Debug|Any CPU.ActiveCfg = Debug|Any CPU
		{99069575-F732-46EE-8D7E-9AD507BE211F}.Debug|Any CPU.Build.0 = Debug|Any CPU
		{99069575-F732-46EE-8D7E-9AD507BE211F}.Release|Any CPU.ActiveCfg = Release|Any CPU
		{99069575-F732-46EE-8D7E-9AD507BE211F}.Release|Any CPU.Build.0 = Release|Any CPU
		{5EDBE5CD-9A7D-4892-812F-9B77D60F4E63}.Debug|Any CPU.ActiveCfg = Debug|Any CPU
		{5EDBE5CD-9A7D-4892-812F-9B77D60F4E63}.Debug|Any CPU.Build.0 = Debug|Any CPU
		{5EDBE5CD-9A7D-4892-812F-9B77D60F4E63}.Release|Any CPU.ActiveCfg = Release|Any CPU
		{5EDBE5CD-9A7D-4892-812F-9B77D60F4E63}.Release|Any CPU.Build.0 = Release|Any CPU
		{98258222-7817-4700-B158-40DE1ADA8E36}.Debug|Any CPU.ActiveCfg = Debug|Any CPU
		{98258222-7817-4700-B158-40DE1ADA8E36}.Debug|Any CPU.Build.0 = Debug|Any CPU
		{98258222-7817-4700-B158-40DE1ADA8E36}.Release|Any CPU.ActiveCfg = Release|Any CPU
		{98258222-7817-4700-B158-40DE1ADA8E36}.Release|Any CPU.Build.0 = Release|Any CPU
		{122B98F4-B643-44DE-8E17-055683602804}.Debug|Any CPU.ActiveCfg = Debug|Any CPU
		{122B98F4-B643-44DE-8E17-055683602804}.Debug|Any CPU.Build.0 = Debug|Any CPU
		{122B98F4-B643-44DE-8E17-055683602804}.Release|Any CPU.ActiveCfg = Release|Any CPU
		{122B98F4-B643-44DE-8E17-055683602804}.Release|Any CPU.Build.0 = Release|Any CPU
	EndGlobalSection
	GlobalSection(SolutionProperties) = preSolution
		HideSolutionNode = FALSE
	EndGlobalSection
	GlobalSection(NestedProjects) = preSolution
		{36FBE558-30F3-45C0-B394-2C2E49ECF812} = {2D4C275E-1E4A-46F5-83C7-33783356812D}
		{2D4C275E-1E4A-46F5-83C7-33783356812D} = {D3A589E7-013C-4A7A-934D-4E3A8E257D5A}
		{1D17444F-DB74-4CEF-9177-FD8C1749A4A7} = {3951AB3F-4529-46AA-A60F-DA4DE5FE119B}
		{B7F8F426-431B-40C5-A98C-6832FECEBD7A} = {1D17444F-DB74-4CEF-9177-FD8C1749A4A7}
		{DD6D689F-BBFE-4D24-AF8A-EBCE5C0EFAF2} = {D3A589E7-013C-4A7A-934D-4E3A8E257D5A}
		{39ED2859-5115-4CA3-B181-0C22A8D4C594} = {DD6D689F-BBFE-4D24-AF8A-EBCE5C0EFAF2}
		{1FE877F9-B732-4AEF-A6C9-DE972E277039} = {FB4EEBDA-0344-434F-87F0-E1DCB2BE9EBA}
		{99069575-F732-46EE-8D7E-9AD507BE211F} = {1FE877F9-B732-4AEF-A6C9-DE972E277039}
		{3DB9BE17-86BF-41DF-A845-644B50A91582} = {FB4EEBDA-0344-434F-87F0-E1DCB2BE9EBA}
		{5EDBE5CD-9A7D-4892-812F-9B77D60F4E63} = {3DB9BE17-86BF-41DF-A845-644B50A91582}
		{3CADB21C-3D0D-43A8-ACEC-4A2B3997A2CB} = {FB4EEBDA-0344-434F-87F0-E1DCB2BE9EBA}
		{FB4EEBDA-0344-434F-87F0-E1DCB2BE9EBA} = {26DE3BA1-9E4E-4DE2-9BA7-6D12031DD203}
		{3951AB3F-4529-46AA-A60F-DA4DE5FE119B} = {26DE3BA1-9E4E-4DE2-9BA7-6D12031DD203}
		{D3A589E7-013C-4A7A-934D-4E3A8E257D5A} = {26DE3BA1-9E4E-4DE2-9BA7-6D12031DD203}
		{98258222-7817-4700-B158-40DE1ADA8E36} = {3CADB21C-3D0D-43A8-ACEC-4A2B3997A2CB}
		{727EC407-E3A7-4164-927B-93F6E6CD69E3} = {FB4EEBDA-0344-434F-87F0-E1DCB2BE9EBA}
		{122B98F4-B643-44DE-8E17-055683602804} = {727EC407-E3A7-4164-927B-93F6E6CD69E3}
	EndGlobalSection
	GlobalSection(ExtensibilityGlobals) = postSolution
		SolutionGuid = {21675196-3A6C-475F-A9A3-3BA72FA405B7}
	EndGlobalSection
EndGlobal
